
Microsoft Visual Studio Solution File, Format Version 12.00
# Visual Studio Version 16
VisualStudioVersion = 16.0.30523.141
MinimumVisualStudioVersion = 10.0.40219.1
Project("{FAE04EC0-301F-11D3-BF4B-00C04F79EFBC}") = "Unit Converter", "Unit Converter.csproj", "{DA0C81CB-2215-4C1A-854D-F0DDE80204F0}"
EndProject
Global
	GlobalSection(SolutionConfigurationPlatforms) = preSolution
		Debug|Any CPU = Debug|Any CPU
		Release|Any CPU = Release|Any CPU
	EndGlobalSection
	GlobalSection(ProjectConfigurationPlatforms) = postSolution
		{DA0C81CB-2215-4C1A-854D-F0DDE80204F0}.Debug|Any CPU.ActiveCfg = Debug|Any CPU
		{DA0C81CB-2215-4C1A-854D-F0DDE80204F0}.Debug|Any CPU.Build.0 = Debug|Any CPU
		{DA0C81CB-2215-4C1A-854D-F0DDE80204F0}.Release|Any CPU.ActiveCfg = Release|Any CPU
		{DA0C81CB-2215-4C1A-854D-F0DDE80204F0}.Release|Any CPU.Build.0 = Release|Any CPU
	EndGlobalSection
	GlobalSection(SolutionProperties) = preSolution
		HideSolutionNode = FALSE
	EndGlobalSection
	GlobalSection(ExtensibilityGlobals) = postSolution
		SolutionGuid = {CB45819E-0BA6-4085-87CC-F1AEE47B2C5C}
	EndGlobalSection
EndGlobal
